
Microsoft Visual Studio Solution File, Format Version 12.00
# Visual Studio 2013
VisualStudioVersion = 12.0.40629.0
MinimumVisualStudioVersion = 10.0.40219.1
Project("{2150E333-8FDC-42A3-9474-1A3956D46DE8}") = "DataLayer", "DataLayer", "{C094AF2D-09FE-4B24-9D21-418050BDB233}"
EndProject
Project("{2150E333-8FDC-42A3-9474-1A3956D46DE8}") = "ServiceLayer", "ServiceLayer", "{FEEC596E-F765-4968-A124-5ED5F446BF29}"
EndProject
Project("{2150E333-8FDC-42A3-9474-1A3956D46DE8}") = "UILayer", "UILayer", "{0C1E406E-1B47-4B41-874B-B4F5878DB355}"
EndProject
Project("{FAE04EC0-301F-11D3-BF4B-00C04F79EFBC}") = "Shop.Data", "Shop.Data\Shop.Data.csproj", "{E578EA4E-8D46-4414-9988-D79F19BAE420}"
EndProject
Project("{2150E333-8FDC-42A3-9474-1A3956D46DE8}") = "Common", "Common", "{CFF9B6AD-1A51-4EC4-B329-5F6169602C0F}"
EndProject
Project("{FAE04EC0-301F-11D3-BF4B-00C04F79EFBC}") = "Shop.Entities", "Shop.Entities\Shop.Entities.csproj", "{C5FFAF4A-00E5-4D4E-A57E-D39EB6A11D01}"
EndProject
Project("{2150E333-8FDC-42A3-9474-1A3956D46DE8}") = "Frameworks", "Frameworks", "{7608CEFA-525D-47E8-9FE9-D24E15A5E6B6}"
EndProject
Project("{FAE04EC0-301F-11D3-BF4B-00C04F79EFBC}") = "Repository.Pattern", "Frameworks\Repository.Pattern\Repository.Pattern.csproj", "{6E682A14-C872-4813-B620-76E108DEA683}"
EndProject
Project("{FAE04EC0-301F-11D3-BF4B-00C04F79EFBC}") = "Repository.Pattern.Ef6", "Frameworks\Repository.Pattern.Ef6\Repository.Pattern.Ef6.csproj", "{F68A1D19-93FB-47C1-A22B-42BEA3E4FD8C}"
EndProject
Project("{FAE04EC0-301F-11D3-BF4B-00C04F79EFBC}") = "Service.Pattern", "Frameworks\Service.Pattern\Service.Pattern.csproj", "{86F86650-EE3C-4372-8FEC-40C2FE015022}"
EndProject
Project("{2150E333-8FDC-42A3-9474-1A3956D46DE8}") = ".nuget", ".nuget", "{3B639084-2ED4-4191-82F0-159E741C04C5}"
	ProjectSection(SolutionItems) = preProject
		.nuget\NuGet.Config = .nuget\NuGet.Config
		.nuget\NuGet.exe = .nuget\NuGet.exe
		.nuget\NuGet.targets = .nuget\NuGet.targets
	EndProjectSection
EndProject
Project("{FAE04EC0-301F-11D3-BF4B-00C04F79EFBC}") = "Shop.Services", "Shop.Services\Shop.Services.csproj", "{CFAB870C-BC96-4662-A312-7B355DCC7839}"
EndProject
Project("{FAE04EC0-301F-11D3-BF4B-00C04F79EFBC}") = "Shop.Repository", "Shop.Repository\Shop.Repository.csproj", "{6CC65B58-3C4F-4048-B85D-3DEF3D5AF758}"
EndProject
Project("{FAE04EC0-301F-11D3-BF4B-00C04F79EFBC}") = "Shop.Api", "Shop.Api\Shop.Api.csproj", "{D8B2807F-77FA-4E07-8002-59CE6BCCF0FB}"
EndProject
Project("{FAE04EC0-301F-11D3-BF4B-00C04F79EFBC}") = "Shop.SPA", "Shop.SPA\Shop.SPA.csproj", "{33D54EBD-4C2D-417C-90BB-7B400A261EA4}"
EndProject
Project("{FAE04EC0-301F-11D3-BF4B-00C04F79EFBC}") = "EShop", "EShop\EShop.csproj", "{8E44DF6A-C007-40EB-9D87-1BAFF15BBE02}"
EndProject
Global
	GlobalSection(SolutionConfigurationPlatforms) = preSolution
		Debug|Any CPU = Debug|Any CPU
		Debug|x86 = Debug|x86
		Release|Any CPU = Release|Any CPU
		Release|x86 = Release|x86
	EndGlobalSection
	GlobalSection(ProjectConfigurationPlatforms) = postSolution
		{E578EA4E-8D46-4414-9988-D79F19BAE420}.Debug|Any CPU.ActiveCfg = Debug|Any CPU
		{E578EA4E-8D46-4414-9988-D79F19BAE420}.Debug|Any CPU.Build.0 = Debug|Any CPU
		{E578EA4E-8D46-4414-9988-D79F19BAE420}.Debug|x86.ActiveCfg = Debug|Any CPU
		{E578EA4E-8D46-4414-9988-D79F19BAE420}.Release|Any CPU.ActiveCfg = Release|Any CPU
		{E578EA4E-8D46-4414-9988-D79F19BAE420}.Release|Any CPU.Build.0 = Release|Any CPU
		{E578EA4E-8D46-4414-9988-D79F19BAE420}.Release|x86.ActiveCfg = Release|Any CPU
		{C5FFAF4A-00E5-4D4E-A57E-D39EB6A11D01}.Debug|Any CPU.ActiveCfg = Debug|Any CPU
		{C5FFAF4A-00E5-4D4E-A57E-D39EB6A11D01}.Debug|Any CPU.Build.0 = Debug|Any CPU
		{C5FFAF4A-00E5-4D4E-A57E-D39EB6A11D01}.Debug|x86.ActiveCfg = Debug|Any CPU
		{C5FFAF4A-00E5-4D4E-A57E-D39EB6A11D01}.Release|Any CPU.ActiveCfg = Release|Any CPU
		{C5FFAF4A-00E5-4D4E-A57E-D39EB6A11D01}.Release|Any CPU.Build.0 = Release|Any CPU
		{C5FFAF4A-00E5-4D4E-A57E-D39EB6A11D01}.Release|x86.ActiveCfg = Release|Any CPU
		{6E682A14-C872-4813-B620-76E108DEA683}.Debug|Any CPU.ActiveCfg = Debug|Any CPU
		{6E682A14-C872-4813-B620-76E108DEA683}.Debug|Any CPU.Build.0 = Debug|Any CPU
		{6E682A14-C872-4813-B620-76E108DEA683}.Debug|x86.ActiveCfg = Debug|x86
		{6E682A14-C872-4813-B620-76E108DEA683}.Debug|x86.Build.0 = Debug|x86
		{6E682A14-C872-4813-B620-76E108DEA683}.Release|Any CPU.ActiveCfg = Release|Any CPU
		{6E682A14-C872-4813-B620-76E108DEA683}.Release|Any CPU.Build.0 = Release|Any CPU
		{6E682A14-C872-4813-B620-76E108DEA683}.Release|x86.ActiveCfg = Release|x86
		{6E682A14-C872-4813-B620-76E108DEA683}.Release|x86.Build.0 = Release|x86
		{F68A1D19-93FB-47C1-A22B-42BEA3E4FD8C}.Debug|Any CPU.ActiveCfg = Debug|Any CPU
		{F68A1D19-93FB-47C1-A22B-42BEA3E4FD8C}.Debug|Any CPU.Build.0 = Debug|Any CPU
		{F68A1D19-93FB-47C1-A22B-42BEA3E4FD8C}.Debug|x86.ActiveCfg = Debug|Any CPU
		{F68A1D19-93FB-47C1-A22B-42BEA3E4FD8C}.Release|Any CPU.ActiveCfg = Release|Any CPU
		{F68A1D19-93FB-47C1-A22B-42BEA3E4FD8C}.Release|Any CPU.Build.0 = Release|Any CPU
		{F68A1D19-93FB-47C1-A22B-42BEA3E4FD8C}.Release|x86.ActiveCfg = Release|Any CPU
		{86F86650-EE3C-4372-8FEC-40C2FE015022}.Debug|Any CPU.ActiveCfg = Debug|Any CPU
		{86F86650-EE3C-4372-8FEC-40C2FE015022}.Debug|Any CPU.Build.0 = Debug|Any CPU
		{86F86650-EE3C-4372-8FEC-40C2FE015022}.Debug|x86.ActiveCfg = Debug|Any CPU
		{86F86650-EE3C-4372-8FEC-40C2FE015022}.Release|Any CPU.ActiveCfg = Release|Any CPU
		{86F86650-EE3C-4372-8FEC-40C2FE015022}.Release|Any CPU.Build.0 = Release|Any CPU
		{86F86650-EE3C-4372-8FEC-40C2FE015022}.Release|x86.ActiveCfg = Release|Any CPU
		{CFAB870C-BC96-4662-A312-7B355DCC7839}.Debug|Any CPU.ActiveCfg = Debug|Any CPU
		{CFAB870C-BC96-4662-A312-7B355DCC7839}.Debug|Any CPU.Build.0 = Debug|Any CPU
		{CFAB870C-BC96-4662-A312-7B355DCC7839}.Debug|x86.ActiveCfg = Debug|Any CPU
		{CFAB870C-BC96-4662-A312-7B355DCC7839}.Release|Any CPU.ActiveCfg = Release|Any CPU
		{CFAB870C-BC96-4662-A312-7B355DCC7839}.Release|Any CPU.Build.0 = Release|Any CPU
		{CFAB870C-BC96-4662-A312-7B355DCC7839}.Release|x86.ActiveCfg = Release|Any CPU
		{6CC65B58-3C4F-4048-B85D-3DEF3D5AF758}.Debug|Any CPU.ActiveCfg = Debug|Any CPU
		{6CC65B58-3C4F-4048-B85D-3DEF3D5AF758}.Debug|Any CPU.Build.0 = Debug|Any CPU
		{6CC65B58-3C4F-4048-B85D-3DEF3D5AF758}.Debug|x86.ActiveCfg = Debug|Any CPU
		{6CC65B58-3C4F-4048-B85D-3DEF3D5AF758}.Release|Any CPU.ActiveCfg = Release|Any CPU
		{6CC65B58-3C4F-4048-B85D-3DEF3D5AF758}.Release|Any CPU.Build.0 = Release|Any CPU
		{6CC65B58-3C4F-4048-B85D-3DEF3D5AF758}.Release|x86.ActiveCfg = Release|Any CPU
		{D8B2807F-77FA-4E07-8002-59CE6BCCF0FB}.Debug|Any CPU.ActiveCfg = Debug|Any CPU
		{D8B2807F-77FA-4E07-8002-59CE6BCCF0FB}.Debug|Any CPU.Build.0 = Debug|Any CPU
		{D8B2807F-77FA-4E07-8002-59CE6BCCF0FB}.Debug|x86.ActiveCfg = Debug|Any CPU
		{D8B2807F-77FA-4E07-8002-59CE6BCCF0FB}.Release|Any CPU.ActiveCfg = Release|Any CPU
		{D8B2807F-77FA-4E07-8002-59CE6BCCF0FB}.Release|Any CPU.Build.0 = Release|Any CPU
		{D8B2807F-77FA-4E07-8002-59CE6BCCF0FB}.Release|x86.ActiveCfg = Release|Any CPU
		{33D54EBD-4C2D-417C-90BB-7B400A261EA4}.Debug|Any CPU.ActiveCfg = Debug|Any CPU
		{33D54EBD-4C2D-417C-90BB-7B400A261EA4}.Debug|Any CPU.Build.0 = Debug|Any CPU
		{33D54EBD-4C2D-417C-90BB-7B400A261EA4}.Debug|x86.ActiveCfg = Debug|Any CPU
		{33D54EBD-4C2D-417C-90BB-7B400A261EA4}.Release|Any CPU.ActiveCfg = Release|Any CPU
		{33D54EBD-4C2D-417C-90BB-7B400A261EA4}.Release|Any CPU.Build.0 = Release|Any CPU
		{33D54EBD-4C2D-417C-90BB-7B400A261EA4}.Release|x86.ActiveCfg = Release|Any CPU
		{8E44DF6A-C007-40EB-9D87-1BAFF15BBE02}.Debug|Any CPU.ActiveCfg = Debug|Any CPU
		{8E44DF6A-C007-40EB-9D87-1BAFF15BBE02}.Debug|Any CPU.Build.0 = Debug|Any CPU
		{8E44DF6A-C007-40EB-9D87-1BAFF15BBE02}.Debug|x86.ActiveCfg = Debug|Any CPU
		{8E44DF6A-C007-40EB-9D87-1BAFF15BBE02}.Release|Any CPU.ActiveCfg = Release|Any CPU
		{8E44DF6A-C007-40EB-9D87-1BAFF15BBE02}.Release|Any CPU.Build.0 = Release|Any CPU
		{8E44DF6A-C007-40EB-9D87-1BAFF15BBE02}.Release|x86.ActiveCfg = Release|Any CPU
	EndGlobalSection
	GlobalSection(SolutionProperties) = preSolution
		HideSolutionNode = FALSE
	EndGlobalSection
	GlobalSection(NestedProjects) = preSolution
		{E578EA4E-8D46-4414-9988-D79F19BAE420} = {C094AF2D-09FE-4B24-9D21-418050BDB233}
		{C5FFAF4A-00E5-4D4E-A57E-D39EB6A11D01} = {CFF9B6AD-1A51-4EC4-B329-5F6169602C0F}
		{6E682A14-C872-4813-B620-76E108DEA683} = {7608CEFA-525D-47E8-9FE9-D24E15A5E6B6}
		{F68A1D19-93FB-47C1-A22B-42BEA3E4FD8C} = {7608CEFA-525D-47E8-9FE9-D24E15A5E6B6}
		{86F86650-EE3C-4372-8FEC-40C2FE015022} = {7608CEFA-525D-47E8-9FE9-D24E15A5E6B6}
		{CFAB870C-BC96-4662-A312-7B355DCC7839} = {FEEC596E-F765-4968-A124-5ED5F446BF29}
		{6CC65B58-3C4F-4048-B85D-3DEF3D5AF758} = {C094AF2D-09FE-4B24-9D21-418050BDB233}
		{D8B2807F-77FA-4E07-8002-59CE6BCCF0FB} = {FEEC596E-F765-4968-A124-5ED5F446BF29}
		{33D54EBD-4C2D-417C-90BB-7B400A261EA4} = {0C1E406E-1B47-4B41-874B-B4F5878DB355}
		{8E44DF6A-C007-40EB-9D87-1BAFF15BBE02} = {0C1E406E-1B47-4B41-874B-B4F5878DB355}
	EndGlobalSection
EndGlobal
